// !$*UTF8*$!
{
	archiveVersion = 1;
	classes = {
	};
	objectVersion = 50;
	objects = {

/* Begin PBXBuildFile section */
		69EEA4762213368C00236499 /* AppDelegate.swift in Sources */ = {isa = PBXBuildFile; fileRef = 69EEA4752213368C00236499 /* AppDelegate.swift */; };
		69EEA47B2213368C00236499 /* Main.storyboard in Resources */ = {isa = PBXBuildFile; fileRef = 69EEA4792213368C00236499 /* Main.storyboard */; };
		69EEA47D2213369300236499 /* Assets.xcassets in Resources */ = {isa = PBXBuildFile; fileRef = 69EEA47C2213369300236499 /* Assets.xcassets */; };
		69EEA4802213369300236499 /* LaunchScreen.storyboard in Resources */ = {isa = PBXBuildFile; fileRef = 69EEA47E2213369300236499 /* LaunchScreen.storyboard */; };
		69EEA48C2213373A00236499 /* MTG.swift in Sources */ = {isa = PBXBuildFile; fileRef = 69EEA48B2213373A00236499 /* MTG.swift */; };
		69EEA48E2213392F00236499 /* MTGListTableViewController.swift in Sources */ = {isa = PBXBuildFile; fileRef = 69EEA48D2213392F00236499 /* MTGListTableViewController.swift */; };
		69F32AFB2213429100738736 /* MTGViewCell.swift in Sources */ = {isa = PBXBuildFile; fileRef = 69F32AFA2213429100738736 /* MTGViewCell.swift */; };
		69F32AFD221348F100738736 /* MTGDetailViewController.swift in Sources */ = {isa = PBXBuildFile; fileRef = 69F32AFC221348F000738736 /* MTGDetailViewController.swift */; };
/* End PBXBuildFile section */

/* Begin PBXFileReference section */
		69EEA4722213368C00236499 /* Meal Rating.app */ = {isa = PBXFileReference; explicitFileType = wrapper.application; includeInIndex = 0; path = "Meal Rating.app"; sourceTree = BUILT_PRODUCTS_DIR; };
		69EEA4752213368C00236499 /* AppDelegate.swift */ = {isa = PBXFileReference; lastKnownFileType = sourcecode.swift; path = AppDelegate.swift; sourceTree = "<group>"; };
		69EEA47A2213368C00236499 /* Base */ = {isa = PBXFileReference; lastKnownFileType = file.storyboard; name = Base; path = Base.lproj/Main.storyboard; sourceTree = "<group>"; };
		69EEA47C2213369300236499 /* Assets.xcassets */ = {isa = PBXFileReference; lastKnownFileType = folder.assetcatalog; path = Assets.xcassets; sourceTree = "<group>"; };
		69EEA47F2213369300236499 /* Base */ = {isa = PBXFileReference; lastKnownFileType = file.storyboard; name = Base; path = Base.lproj/LaunchScreen.storyboard; sourceTree = "<group>"; };
		69EEA4812213369300236499 /* Info.plist */ = {isa = PBXFileReference; lastKnownFileType = text.plist.xml; path = Info.plist; sourceTree = "<group>"; };
		69EEA48B2213373A00236499 /* MTG.swift */ = {isa = PBXFileReference; lastKnownFileType = sourcecode.swift; path = MTG.swift; sourceTree = "<group>"; };
		69EEA48D2213392F00236499 /* MTGListTableViewController.swift */ = {isa = PBXFileReference; lastKnownFileType = sourcecode.swift; path = MTGListTableViewController.swift; sourceTree = "<group>"; };
		69F32AFA2213429100738736 /* MTGViewCell.swift */ = {isa = PBXFileReference; lastKnownFileType = sourcecode.swift; path = MTGViewCell.swift; sourceTree = "<group>"; };
		69F32AFC221348F000738736 /* MTGDetailViewController.swift */ = {isa = PBXFileReference; lastKnownFileType = sourcecode.swift; path = MTGDetailViewController.swift; sourceTree = "<group>"; };
/* End PBXFileReference section */

/* Begin PBXFrameworksBuildPhase section */
		69EEA46F2213368C00236499 /* Frameworks */ = {
			isa = PBXFrameworksBuildPhase;
			buildActionMask = 2147483647;
			files = (
			);
			runOnlyForDeploymentPostprocessing = 0;
		};
/* End PBXFrameworksBuildPhase section */

/* Begin PBXGroup section */
		69EEA4692213368C00236499 = {
			isa = PBXGroup;
			children = (
				69EEA4742213368C00236499 /* Meal Rating */,
				69EEA4732213368C00236499 /* Products */,
			);
			sourceTree = "<group>";
		};
		69EEA4732213368C00236499 /* Products */ = {
			isa = PBXGroup;
			children = (
				69EEA4722213368C00236499 /* Meal Rating.app */,
			);
			name = Products;
			sourceTree = "<group>";
		};
		69EEA4742213368C00236499 /* Meal Rating */ = {
			isa = PBXGroup;
			children = (
				69EEA4872213369F00236499 /* Model */,
				69EEA488221336A600236499 /* View */,
				69EEA489221336AC00236499 /* Controller */,
				69EEA48A221336DA00236499 /* Supporting Files */,
				69EEA4812213369300236499 /* Info.plist */,
			);
			path = "Meal Rating";
			sourceTree = "<group>";
		};
		69EEA4872213369F00236499 /* Model */ = {
			isa = PBXGroup;
			children = (
				69EEA48B2213373A00236499 /* MTG.swift */,
			);
			path = Model;
			sourceTree = "<group>";
		};
		69EEA488221336A600236499 /* View */ = {
			isa = PBXGroup;
			children = (
				69EEA4792213368C00236499 /* Main.storyboard */,
				69EEA47E2213369300236499 /* LaunchScreen.storyboard */,
				69F32AFA2213429100738736 /* MTGViewCell.swift */,
			);
			path = View;
			sourceTree = "<group>";
		};
		69EEA489221336AC00236499 /* Controller */ = {
			isa = PBXGroup;
			children = (
				69EEA48D2213392F00236499 /* MTGListTableViewController.swift */,
				69F32AFC221348F000738736 /* MTGDetailViewController.swift */,
			);
			path = Controller;
			sourceTree = "<group>";
		};
		69EEA48A221336DA00236499 /* Supporting Files */ = {
			isa = PBXGroup;
			children = (
				69EEA47C2213369300236499 /* Assets.xcassets */,
				69EEA4752213368C00236499 /* AppDelegate.swift */,
			);
			path = "Supporting Files";
			sourceTree = "<group>";
		};
/* End PBXGroup section */

/* Begin PBXNativeTarget section */
		69EEA4712213368C00236499 /* Meal Rating */ = {
			isa = PBXNativeTarget;
			buildConfigurationList = 69EEA4842213369300236499 /* Build configuration list for PBXNativeTarget "Meal Rating" */;
			buildPhases = (
				69EEA46E2213368C00236499 /* Sources */,
				69EEA46F2213368C00236499 /* Frameworks */,
				69EEA4702213368C00236499 /* Resources */,
			);
			buildRules = (
			);
			dependencies = (
			);
			name = "Meal Rating";
			productName = "Meal Rating";
			productReference = 69EEA4722213368C00236499 /* Meal Rating.app */;
			productType = "com.apple.product-type.application";
		};
/* End PBXNativeTarget section */

/* Begin PBXProject section */
		69EEA46A2213368C00236499 /* Project object */ = {
			isa = PBXProject;
			attributes = {
				LastSwiftUpdateCheck = 1010;
				LastUpgradeCheck = 1010;
				ORGANIZATIONNAME = "Denis Bystruev";
				TargetAttributes = {
					69EEA4712213368C00236499 = {
						CreatedOnToolsVersion = 10.1;
					};
				};
			};
			buildConfigurationList = 69EEA46D2213368C00236499 /* Build configuration list for PBXProject "Meal Rating" */;
			compatibilityVersion = "Xcode 9.3";
			developmentRegion = en;
			hasScannedForEncodings = 0;
			knownRegions = (
				en,
				Base,
			);
			mainGroup = 69EEA4692213368C00236499;
			productRefGroup = 69EEA4732213368C00236499 /* Products */;
			projectDirPath = "";
			projectRoot = "";
			targets = (
				69EEA4712213368C00236499 /* Meal Rating */,
			);
		};
/* End PBXProject section */

/* Begin PBXResourcesBuildPhase section */
		69EEA4702213368C00236499 /* Resources */ = {
			isa = PBXResourcesBuildPhase;
			buildActionMask = 2147483647;
			files = (
				69EEA4802213369300236499 /* LaunchScreen.storyboard in Resources */,
				69EEA47D2213369300236499 /* Assets.xcassets in Resources */,
				69EEA47B2213368C00236499 /* Main.storyboard in Resources */,
			);
			runOnlyForDeploymentPostprocessing = 0;
		};
/* End PBXResourcesBuildPhase section */

/* Begin PBXSourcesBuildPhase section */
		69EEA46E2213368C00236499 /* Sources */ = {
			isa = PBXSourcesBuildPhase;
			buildActionMask = 2147483647;
			files = (
				69EEA48C2213373A00236499 /* MTG.swift in Sources */,
				69EEA4762213368C00236499 /* AppDelegate.swift in Sources */,
				69EEA48E2213392F00236499 /* MTGListTableViewController.swift in Sources */,
				69F32AFD221348F100738736 /* MTGDetailViewController.swift in Sources */,
				69F32AFB2213429100738736 /* MTGViewCell.swift in Sources */,
			);
			runOnlyForDeploymentPostprocessing = 0;
		};
/* End PBXSourcesBuildPhase section */

/* Begin PBXVariantGroup section */
		69EEA4792213368C00236499 /* Main.storyboard */ = {
			isa = PBXVariantGroup;
			children = (
				69EEA47A2213368C00236499 /* Base */,
			);
			name = Main.storyboard;
			sourceTree = "<group>";
		};
		69EEA47E2213369300236499 /* LaunchScreen.storyboard */ = {
			isa = PBXVariantGroup;
			children = (
				69EEA47F2213369300236499 /* Base */,
			);
			name = LaunchScreen.storyboard;
			sourceTree = "<group>";
		};
/* End PBXVariantGroup section */

/* Begin XCBuildConfiguration section */
		69EEA4822213369300236499 /* Debug */ = {
			isa = XCBuildConfiguration;
			buildSettings = {
				ALWAYS_SEARCH_USER_PATHS = NO;
				CLANG_ANALYZER_NONNULL = YES;
				CLANG_ANALYZER_NUMBER_OBJECT_CONVERSION = YES_AGGRESSIVE;
				CLANG_CXX_LANGUAGE_STANDARD = "gnu++14";
				CLANG_CXX_LIBRARY = "libc++";
				CLANG_ENABLE_MODULES = YES;
				CLANG_ENABLE_OBJC_ARC = YES;
				CLANG_ENABLE_OBJC_WEAK = YES;
				CLANG_WARN_BLOCK_CAPTURE_AUTORELEASING = YES;
				CLANG_WARN_BOOL_CONVERSION = YES;
				CLANG_WARN_COMMA = YES;
				CLANG_WARN_CONSTANT_CONVERSION = YES;
				CLANG_WARN_DEPRECATED_OBJC_IMPLEMENTATIONS = YES;
				CLANG_WARN_DIRECT_OBJC_ISA_USAGE = YES_ERROR;
				CLANG_WARN_DOCUMENTATION_COMMENTS = YES;
				CLANG_WARN_EMPTY_BODY = YES;
				CLANG_WARN_ENUM_CONVERSION = YES;
				CLANG_WARN_INFINITE_RECURSION = YES;
				CLANG_WARN_INT_CONVERSION = YES;
				CLANG_WARN_NON_LITERAL_NULL_CONVERSION = YES;
				CLANG_WARN_OBJC_IMPLICIT_RETAIN_SELF = YES;
				CLANG_WARN_OBJC_LITERAL_CONVERSION = YES;
				CLANG_WARN_OBJC_ROOT_CLASS = YES_ERROR;
				CLANG_WARN_RANGE_LOOP_ANALYSIS = YES;
				CLANG_WARN_STRICT_PROTOTYPES = YES;
				CLANG_WARN_SUSPICIOUS_MOVE = YES;
				CLANG_WARN_UNGUARDED_AVAILABILITY = YES_AGGRESSIVE;
				CLANG_WARN_UNREACHABLE_CODE = YES;
				CLANG_WARN__DUPLICATE_METHOD_MATCH = YES;
				CODE_SIGN_IDENTITY = "iPhone Developer";
				COPY_PHASE_STRIP = NO;
				DEBUG_INFORMATION_FORMAT = dwarf;
				ENABLE_STRICT_OBJC_MSGSEND = YES;
				ENABLE_TESTABILITY = YES;
				GCC_C_LANGUAGE_STANDARD = gnu11;
				GCC_DYNAMIC_NO_PIC = NO;
				GCC_NO_COMMON_BLOCKS = YES;
				GCC_OPTIMIZATION_LEVEL = 0;
				GCC_PREPROCESSOR_DEFINITIONS = (
					"DEBUG=1",
					"$(inherited)",
				);
				GCC_WARN_64_TO_32_BIT_CONVERSION = YES;
				GCC_WARN_ABOUT_RETURN_TYPE = YES_ERROR;
				GCC_WARN_UNDECLARED_SELECTOR = YES;
				GCC_WARN_UNINITIALIZED_AUTOS = YES_AGGRESSIVE;
				GCC_WARN_UNUSED_FUNCTION = YES;
				GCC_WARN_UNUSED_VARIABLE = YES;
				IPHONEOS_DEPLOYMENT_TARGET = 12.1;
				MTL_ENABLE_DEBUG_INFO = INCLUDE_SOURCE;
				MTL_FAST_MATH = YES;
				ONLY_ACTIVE_ARCH = YES;
				SDKROOT = iphoneos;
				SWIFT_ACTIVE_COMPILATION_CONDITIONS = DEBUG;
				SWIFT_OPTIMIZATION_LEVEL = "-Onone";
			};
			name = Debug;
		};
		69EEA4832213369300236499 /* Release */ = {
			isa = XCBuildConfiguration;
			buildSettings = {
				ALWAYS_SEARCH_USER_PATHS = NO;
				CLANG_ANALYZER_NONNULL = YES;
				CLANG_ANALYZER_NUMBER_OBJECT_CONVERSION = YES_AGGRESSIVE;
				CLANG_CXX_LANGUAGE_STANDARD = "gnu++14";
				CLANG_CXX_LIBRARY = "libc++";
				CLANG_ENABLE_MODULES = YES;
				CLANG_ENABLE_OBJC_ARC = YES;
				CLANG_ENABLE_OBJC_WEAK = YES;
				CLANG_WARN_BLOCK_CAPTURE_AUTORELEASING = YES;
				CLANG_WARN_BOOL_CONVERSION = YES;
				CLANG_WARN_COMMA = YES;
				CLANG_WARN_CONSTANT_CONVERSION = YES;
				CLANG_WARN_DEPRECATED_OBJC_IMPLEMENTATIONS = YES;
				CLANG_WARN_DIRECT_OBJC_ISA_USAGE = YES_ERROR;
				CLANG_WARN_DOCUMENTATION_COMMENTS = YES;
				CLANG_WARN_EMPTY_BODY = YES;
				CLANG_WARN_ENUM_CONVERSION = YES;
				CLANG_WARN_INFINITE_RECURSION = YES;
				CLANG_WARN_INT_CONVERSION = YES;
				CLANG_WARN_NON_LITERAL_NULL_CONVERSION = YES;
				CLANG_WARN_OBJC_IMPLICIT_RETAIN_SELF = YES;
				CLANG_WARN_OBJC_LITERAL_CONVERSION = YES;
				CLANG_WARN_OBJC_ROOT_CLASS = YES_ERROR;
				CLANG_WARN_RANGE_LOOP_ANALYSIS = YES;
				CLANG_WARN_STRICT_PROTOTYPES = YES;
				CLANG_WARN_SUSPICIOUS_MOVE = YES;
				CLANG_WARN_UNGUARDED_AVAILABILITY = YES_AGGRESSIVE;
				CLANG_WARN_UNREACHABLE_CODE = YES;
				CLANG_WARN__DUPLICATE_METHOD_MATCH = YES;
				CODE_SIGN_IDENTITY = "iPhone Developer";
				COPY_PHASE_STRIP = NO;
				DEBUG_INFORMATION_FORMAT = "dwarf-with-dsym";
				ENABLE_NS_ASSERTIONS = NO;
				ENABLE_STRICT_OBJC_MSGSEND = YES;
				GCC_C_LANGUAGE_STANDARD = gnu11;
				GCC_NO_COMMON_BLOCKS = YES;
				GCC_WARN_64_TO_32_BIT_CONVERSION = YES;
				GCC_WARN_ABOUT_RETURN_TYPE = YES_ERROR;
				GCC_WARN_UNDECLARED_SELECTOR = YES;
				GCC_WARN_UNINITIALIZED_AUTOS = YES_AGGRESSIVE;
				GCC_WARN_UNUSED_FUNCTION = YES;
				GCC_WARN_UNUSED_VARIABLE = YES;
				IPHONEOS_DEPLOYMENT_TARGET = 12.1;
				MTL_ENABLE_DEBUG_INFO = NO;
				MTL_FAST_MATH = YES;
				SDKROOT = iphoneos;
				SWIFT_COMPILATION_MODE = wholemodule;
				SWIFT_OPTIMIZATION_LEVEL = "-O";
				VALIDATE_PRODUCT = YES;
			};
			name = Release;
		};
		69EEA4852213369300236499 /* Debug */ = {
			isa = XCBuildConfiguration;
			buildSettings = {
				ASSETCATALOG_COMPILER_APPICON_NAME = AppIcon;
				CODE_SIGN_STYLE = Automatic;
				DEVELOPMENT_TEAM = EL2F2DUNV5;
				INFOPLIST_FILE = "Meal Rating/Info.plist";
				LD_RUNPATH_SEARCH_PATHS = (
					"$(inherited)",
					"@executable_path/Frameworks",
				);
				PRODUCT_BUNDLE_IDENTIFIER = "ru.learnSwift.Meal-Rating";
				PRODUCT_NAME = "$(TARGET_NAME)";
				SWIFT_VERSION = 4.2;
				TARGETED_DEVICE_FAMILY = "1,2";
			};
			name = Debug;
		};
		69EEA4862213369300236499 /* Release */ = {
			isa = XCBuildConfiguration;
			buildSettings = {
				ASSETCATALOG_COMPILER_APPICON_NAME = AppIcon;
				CODE_SIGN_STYLE = Automatic;
				DEVELOPMENT_TEAM = EL2F2DUNV5;
				INFOPLIST_FILE = "Meal Rating/Info.plist";
				LD_RUNPATH_SEARCH_PATHS = (
					"$(inherited)",
					"@executable_path/Frameworks",
				);
				PRODUCT_BUNDLE_IDENTIFIER = "ru.learnSwift.Meal-Rating";
				PRODUCT_NAME = "$(TARGET_NAME)";
				SWIFT_VERSION = 4.2;
				TARGETED_DEVICE_FAMILY = "1,2";
			};
			name = Release;
		};
/* End XCBuildConfiguration section */

/* Begin XCConfigurationList section */
		69EEA46D2213368C00236499 /* Build configuration list for PBXProject "Meal Rating" */ = {
			isa = XCConfigurationList;
			buildConfigurations = (
				69EEA4822213369300236499 /* Debug */,
				69EEA4832213369300236499 /* Release */,
			);
			defaultConfigurationIsVisible = 0;
			defaultConfigurationName = Release;
		};
		69EEA4842213369300236499 /* Build configuration list for PBXNativeTarget "Meal Rating" */ = {
			isa = XCConfigurationList;
			buildConfigurations = (
				69EEA4852213369300236499 /* Debug */,
				69EEA4862213369300236499 /* Release */,
			);
			defaultConfigurationIsVisible = 0;
			defaultConfigurationName = Release;
		};
/* End XCConfigurationList section */
	};
	rootObject = 69EEA46A2213368C00236499 /* Project object */;
}
